{
	"name": "@howdyjs/animation-dialog",
	"version": "1.3.1",
	"lockfileVersion": 1,
	"requires": true,
	"dependencies": {
		"@babel/helper-validator-identifier": {
			"version": "7.12.11",
			"resolved": "https://registry.npm.taobao.org/@babel/helper-validator-identifier/download/@babel/helper-validator-identifier-7.12.11.tgz",
			"integrity": "sha1-yaHwIZF9y1zPDU5FPjmQIpgfye0="
		},
		"@babel/parser": {
			"version": "7.12.15",
			"resolved": "https://registry.npm.taobao.org/@babel/parser/download/@babel/parser-7.12.15.tgz?cache=0&sync_timestamp=1612475312632&other_urls=https%3A%2F%2Fregistry.npm.taobao.org%2F%40babel%2Fparser%2Fdownload%2F%40babel%2Fparser-7.12.15.tgz",
			"integrity": "sha1-KyDefwtLMy2bEZ3ZwzQJxTi4qs8="
		},
		"@babel/types": {
			"version": "7.12.13",
			"resolved": "https://registry.npm.taobao.org/@babel/types/download/@babel/types-7.12.13.tgz",
			"integrity": "sha1-i+GqjyyHbaEanPZQwOz2VpE61hE=",
			"requires": {
				"@babel/helper-validator-identifier": "^7.12.11",
				"lodash": "^4.17.19",
				"to-fast-properties": "^2.0.0"
			}
		},
		"@vue/compiler-core": {
			"version": "3.0.5",
			"resolved": "https://registry.npm.taobao.org/@vue/compiler-core/download/@vue/compiler-core-3.0.5.tgz",
			"integrity": "sha1-puVMq+lTbnTGUTrNJknzEa8dQ6w=",
			"requires": {
				"@babel/parser": "^7.12.0",
				"@babel/types": "^7.12.0",
				"@vue/shared": "3.0.5",
				"estree-walker": "^2.0.1",
				"source-map": "^0.6.1"
			}
		},
		"@vue/compiler-dom": {
			"version": "3.0.5",
			"resolved": "https://registry.npm.taobao.org/@vue/compiler-dom/download/@vue/compiler-dom-3.0.5.tgz",
			"integrity": "sha1-eIWhPm0Y9k3ejrzuwFLtLBAmlsI=",
			"requires": {
				"@vue/compiler-core": "3.0.5",
				"@vue/shared": "3.0.5"
			}
		},
		"@vue/reactivity": {
			"version": "3.0.5",
			"resolved": "https://registry.npm.taobao.org/@vue/reactivity/download/@vue/reactivity-3.0.5.tgz",
			"integrity": "sha1-43ieTVI9hF+a4LTXcOK0VZR0L9I=",
			"requires": {
				"@vue/shared": "3.0.5"
			}
		},
		"@vue/runtime-core": {
			"version": "3.0.5",
			"resolved": "https://registry.npm.taobao.org/@vue/runtime-core/download/@vue/runtime-core-3.0.5.tgz",
			"integrity": "sha1-2mMx1fMA1XlOng69yKi9cqnhmWI=",
			"requires": {
				"@vue/reactivity": "3.0.5",
				"@vue/shared": "3.0.5"
			}
		},
		"@vue/runtime-dom": {
			"version": "3.0.5",
			"resolved": "https://registry.npm.taobao.org/@vue/runtime-dom/download/@vue/runtime-dom-3.0.5.tgz",
			"integrity": "sha1-HOLJxEniarBpY9oAZAluiCp6iTU=",
			"requires": {
				"@vue/runtime-core": "3.0.5",
				"@vue/shared": "3.0.5",
				"csstype": "^2.6.8"
			}
		},
		"@vue/shared": {
			"version": "3.0.5",
			"resolved": "https://registry.npm.taobao.org/@vue/shared/download/@vue/shared-3.0.5.tgz",
			"integrity": "sha1-wTHYi9ZxPMTZOzuxNy7bGYMiX/A="
		},
		"csstype": {
			"version": "2.6.14",
			"resolved": "https://registry.npm.taobao.org/csstype/download/csstype-2.6.14.tgz?cache=0&sync_timestamp=1610107225529&other_urls=https%3A%2F%2Fregistry.npm.taobao.org%2Fcsstype%2Fdownload%2Fcsstype-2.6.14.tgz",
			"integrity": "sha1-AEgipAUDRbVa1NzAC+HZzy9Clt4="
		},
		"estree-walker": {
			"version": "2.0.2",
			"resolved": "https://registry.npm.taobao.org/estree-walker/download/estree-walker-2.0.2.tgz",
			"integrity": "sha1-UvAQF4wqTBF6d1fP6UKtt9LaTKw="
		},
		"lodash": {
			"version": "4.17.20",
			"resolved": "https://registry.npm.taobao.org/lodash/download/lodash-4.17.20.tgz?cache=0&sync_timestamp=1597335994883&other_urls=https%3A%2F%2Fregistry.npm.taobao.org%2Flodash%2Fdownload%2Flodash-4.17.20.tgz",
			"integrity": "sha1-tEqbYpe8tpjxxRo1RaKzs2jVnFI="
		},
		"source-map": {
			"version": "0.6.1",
			"resolved": "https://registry.npm.taobao.org/source-map/download/source-map-0.6.1.tgz",
			"integrity": "sha1-dHIq8y6WFOnCh6jQu95IteLxomM="
		},
		"to-fast-properties": {
			"version": "2.0.0",
			"resolved": "https://registry.npm.taobao.org/to-fast-properties/download/to-fast-properties-2.0.0.tgz?cache=0&sync_timestamp=1580550569293&other_urls=https%3A%2F%2Fregistry.npm.taobao.org%2Fto-fast-properties%2Fdownload%2Fto-fast-properties-2.0.0.tgz",
			"integrity": "sha1-3F5pjL0HkmW8c+A3doGk5Og/YW4="
		},
		"vue": {
			"version": "3.0.5",
			"resolved": "https://registry.npm.taobao.org/vue/download/vue-3.0.5.tgz",
			"integrity": "sha1-3huC66JKv+ceCXD8m41LK6vcP+E=",
			"requires": {
				"@vue/compiler-dom": "3.0.5",
				"@vue/runtime-dom": "3.0.5",
				"@vue/shared": "3.0.5"
			}
		}
	}
}
